lockfileVersion: '9.0'

settings:
  autoInstallPeers: true
  excludeLinksFromLockfile: false

importers:

  .:
    dependencies:
      planck:
        specifier: 1.4.2
        version: 1.4.2(stage-js@1.0.2)

packages:

  planck@1.4.2:
    resolution: {integrity: sha512-mNbhnV3g8X2rwGxzcesjmN8BDA6qfXgQxXVMkWau9MCRlQY0RLNEkyHlVp6yFy/X6qrzAXyNONCnZ1cGDLrNew==}
    engines: {node: '>=14.0'}
    peerDependencies:
      stage-js: ^1.0.0-alpha.12

  stage-js@1.0.2:
    resolution: {integrity: sha512-EWTRBYlg7Qv9wGUao99/PfRe3KaiQqWmgSvTOXvaWnu1Jk/q/vV8yJVu6bi/3EqDZeMVnCPAjheba6OFc5k1GQ==}
    engines: {node: '>=24.0'}

snapshots:

  planck@1.4.2(stage-js@1.0.2):
    dependencies:
      stage-js: 1.0.2

  stage-js@1.0.2: {}
